Microsoft Visual Studio Solution File, Format Version 12.00
# Visual Studio Version 17
VisualStudioVersion = 17.5.2.0
MinimumVisualStudioVersion = 10.0.40219.1
Project("{2150E333-8FDC-42A3-9474-1A3956D46DE8}") = "HanyuBackend", "HanyuBackend", "{C56BD283-10A5-7C3B-857B-9359645FA895}"
EndProject
Project("{FAE04EC0-301F-11D3-BF4B-00C04F79EFBC}") = "Server", "HanyuBackend\Server\Server.csproj", "{637C7AAD-6D4E-4D23-76EF-7CB4733DB789}"
EndProject
Global
	GlobalSection(SolutionConfigurationPlatforms) = preSolution
		Debug|Any CPU = Debug|Any CPU
		Release|Any CPU = Release|Any CPU
	EndGlobalSection
	GlobalSection(ProjectConfigurationPlatforms) = postSolution
		{637C7AAD-6D4E-4D23-76EF-7CB4733DB789}.Debug|Any CPU.ActiveCfg = Debug|Any CPU
		{637C7AAD-6D4E-4D23-76EF-7CB4733DB789}.Debug|Any CPU.Build.0 = Debug|Any CPU
		{637C7AAD-6D4E-4D23-76EF-7CB4733DB789}.Release|Any CPU.ActiveCfg = Release|Any CPU
		{637C7AAD-6D4E-4D23-76EF-7CB4733DB789}.Release|Any CPU.Build.0 = Release|Any CPU
	EndGlobalSection
	GlobalSection(SolutionProperties) = preSolution
		HideSolutionNode = FALSE
	EndGlobalSection
	GlobalSection(NestedProjects) = preSolution
		{637C7AAD-6D4E-4D23-76EF-7CB4733DB789} = {C56BD283-10A5-7C3B-857B-9359645FA895}
	EndGlobalSection
	GlobalSection(ExtensibilityGlobals) = postSolution
		SolutionGuid = {22AC8DFB-89A4-41B7-8B48-5E24A4852046}
	EndGlobalSection
EndGlobal
